{
  "nodes": {
    "alejandra": {
      "inputs": {
        "fenix": "fenix",
        "flakeCompat": "flakeCompat",
        "nixpkgs": [
          "nixpkgs"
        ]
      },
      "locked": {
        "lastModified": 1733729059,
        "narHash": "sha256-5xYai0KZirUX2EQpNMMCWoC27932n/i1E4KeVRIss7s=",
        "owner": "kamadorueda",
        "repo": "alejandra",
        "rev": "6db88764334bd6a8b7a33cb312c318baad1d5e93",
        "type": "github"
      },
      "original": {
        "owner": "kamadorueda",
        "repo": "alejandra",
        "type": "github"
      }
    },
    "awesome": {
      "flake": false,
      "locked": {
        "lastModified": 1732024569,
        "narHash": "sha256-GIUkREl60vQ0cOalA37sCgn7Gv8j/9egfRk9emgGm/Y=",
        "owner": "awesomeWM",
        "repo": "awesome",
        "rev": "0f950cbb625175134b45ea65acdf29b2cbe8c456",
        "type": "github"
      },
      "original": {
        "owner": "awesomeWM",
        "repo": "awesome",
        "type": "github"
      }
    },
    "awesome_2": {
      "flake": false,
      "locked": {
        "lastModified": 1725745357,
        "narHash": "sha256-FjvthODMP8M0NFyXWGTj0SmUU8TNqldTKZ3AfIFJVp8=",
        "owner": "awesomeWM",
        "repo": "awesome",
        "rev": "d53eb1be67f594f62fb6134fe40928e8ca17304a",
        "type": "github"
      },
      "original": {
        "owner": "awesomeWM",
        "ref": "master",
        "repo": "awesome",
        "type": "github"
      }
    },
    "awesomerc": {
      "inputs": {
        "alejandra": [
          "alejandra"
        ],
        "awesome": "awesome_2",
        "bling": "bling",
        "nixpkgs": [
          "nixpkgs"
        ],
        "utils": [
          "utils"
        ]
      },
      "locked": {
        "lastModified": 1734192590,
        "narHash": "sha256-8qJ0iNfYVutq/W+G9Z6hPLEqfUxlD/lWIyVYU8NHTfE=",
        "ref": "refs/heads/main",
        "rev": "8658a830299c75e0d98fab82e9bf4b7a7b9a0045",
        "revCount": 136,
        "type": "git",
        "url": "https://framagit.org/rdeville-public/dotfiles/awesomewm.git"
      },
      "original": {
        "type": "git",
        "url": "https://framagit.org/rdeville-public/dotfiles/awesomewm.git"
      }
    },
    "bling": {
      "flake": false,
      "locked": {
        "lastModified": 1717332532,
        "narHash": "sha256-6NZSUb7sSBUegSIPIubQUOZG3knzXfnyfEbCoEyggtc=",
        "owner": "BlingCorp",
        "repo": "bling",
        "rev": "19ccfc0daf5edda8bbc508487616d00277a9d954",
        "type": "github"
      },
      "original": {
        "owner": "BlingCorp",
        "ref": "master",
        "repo": "bling",
        "type": "github"
      }
    },
    "cachix": {
      "inputs": {
        "devenv": [
          "devenv"
        ],
        "flake-compat": [
          "devenv"
        ],
        "git-hooks": [
          "devenv"
        ],
        "nixpkgs": "nixpkgs"
      },
      "locked": {
        "lastModified": 1728672398,
        "narHash": "sha256-KxuGSoVUFnQLB2ZcYODW7AVPAh9JqRlD5BrfsC/Q4qs=",
        "owner": "cachix",
        "repo": "cachix",
        "rev": "aac51f698309fd0f381149214b7eee213c66ef0a",
        "type": "github"
      },
      "original": {
        "owner": "cachix",
        "ref": "latest",
        "repo": "cachix",
        "type": "github"
      }
    },
    "cachix_2": {
      "inputs": {
        "devenv": [
          "nixos",
          "devenv"
        ],
        "flake-compat": [
          "nixos",
          "devenv"
        ],
        "git-hooks": [
          "nixos",
          "devenv"
        ],
        "nixpkgs": "nixpkgs_4"
      },
      "locked": {
        "lastModified": 1728672398,
        "narHash": "sha256-KxuGSoVUFnQLB2ZcYODW7AVPAh9JqRlD5BrfsC/Q4qs=",
        "owner": "cachix",
        "repo": "cachix",
        "rev": "aac51f698309fd0f381149214b7eee213c66ef0a",
        "type": "github"
      },
      "original": {
        "owner": "cachix",
        "ref": "latest",
        "repo": "cachix",
        "type": "github"
      }
    },
    "colmena": {
      "inputs": {
        "flake-compat": "flake-compat",
        "flake-utils": "flake-utils",
        "nix-github-actions": "nix-github-actions",
        "nixpkgs": [
          "nixpkgs"
        ],
        "stable": "stable"
      },
      "locked": {
        "lastModified": 1734897875,
        "narHash": "sha256-LLpiqfOGBippRax9F33kSJ/Imt8gJXb6o0JwSBiNHCk=",
        "owner": "zhaofengli",
        "repo": "colmena",
        "rev": "a6b51f5feae9bfb145daa37fd0220595acb7871e",
        "type": "github"
      },
      "original": {
        "owner": "zhaofengli",
        "repo": "colmena",
        "type": "github"
      }
    },
    "devenv": {
      "inputs": {
        "cachix": "cachix",
        "flake-compat": "flake-compat_2",
        "git-hooks": "git-hooks",
        "nix": "nix",
        "nixpkgs": "nixpkgs_3"
      },
      "locked": {
        "lastModified": 1736426010,
        "narHash": "sha256-d0rE+u8/rQjXLvDobz1StGTfqvRKvq+8kVsHnIGVD1o=",
        "owner": "cachix",
        "repo": "devenv",
        "rev": "1c384bc4be3ee571511fbbc6fdc94fe47d60f6cf",
        "type": "github"
      },
      "original": {
        "owner": "cachix",
        "repo": "devenv",
        "type": "github"
      }
    },
    "devenv_2": {
      "inputs": {
        "cachix": "cachix_2",
        "flake-compat": "flake-compat_3",
        "git-hooks": "git-hooks_2",
        "nix": "nix_2",
        "nixpkgs": "nixpkgs_6"
      },
      "locked": {
        "lastModified": 1736426010,
        "narHash": "sha256-d0rE+u8/rQjXLvDobz1StGTfqvRKvq+8kVsHnIGVD1o=",
        "owner": "cachix",
        "repo": "devenv",
        "rev": "1c384bc4be3ee571511fbbc6fdc94fe47d60f6cf",
        "type": "github"
      },
      "original": {
        "owner": "cachix",
        "repo": "devenv",
        "type": "github"
      }
    },
    "direnvrc": {
      "inputs": {
        "alejandra": [
          "alejandra"
        ],
        "nixpkgs": [
          "nixpkgs"
        ],
        "utils": [
          "utils"
        ]
      },
      "locked": {
        "lastModified": 1726265755,
        "narHash": "sha256-TGHhY5TWRkjeQ3G5pd8lw9nseFP38FrBRLYOte++ris=",
        "ref": "refs/heads/main",
        "rev": "a31b09f6a7bec3f52c1d2ff6ce01e673c390bde6",
        "revCount": 166,
        "type": "git",
        "url": "https://framagit.org/rdeville-public/dotfiles/direnv.git"
      },
      "original": {
        "type": "git",
        "url": "https://framagit.org/rdeville-public/dotfiles/direnv.git"
      }
    },
    "dotgit-sync": {
      "inputs": {
        "alejandra": [
          "alejandra"
        ],
        "nixpkgs": [
          "nixpkgs"
        ],
        "poetry2nix": "poetry2nix",
        "utils": [
          "utils"
        ]
      },
      "locked": {
        "lastModified": 1733687836,
        "narHash": "sha256-/j1xBspe6Vdy7FvNaNvuRulUor3ZD+RSISFyqOM9OEc=",
        "ref": "refs/heads/main",
        "rev": "f1d039f7791d1dd3b61f7be2ae91813fa013dc0f",
        "revCount": 258,
        "type": "git",
        "url": "https://framagit.org/rdeville-public/programs/dotgit-sync.git"
      },
      "original": {
        "type": "git",
        "url": "https://framagit.org/rdeville-public/programs/dotgit-sync.git"
      }
    },
    "fenix": {
      "inputs": {
        "nixpkgs": [
          "alejandra",
          "nixpkgs"
        ],
        "rust-analyzer-src": "rust-analyzer-src"
      },
      "locked": {
        "lastModified": 1730615655,
        "narHash": "sha256-2HBR3zLn57LXKNRtxBb+O+uDqHM4n0pz51rPayMl4cg=",
        "owner": "nix-community",
        "repo": "fenix",
        "rev": "efeb50e2535b17ffd4a135e6e3e5fd60a525180c",
        "type": "github"
      },
      "original": {
        "owner": "nix-community",
        "repo": "fenix",
        "type": "github"
      }
    },
    "flake-compat": {
      "flake": false,
      "locked": {
        "lastModified": 1650374568,
        "narHash": "sha256-Z+s0J8/r907g149rllvwhb4pKi8Wam5ij0st8PwAh+E=",
        "owner": "edolstra",
        "repo": "flake-compat",
        "rev": "b4a34015c698c7793d592d66adbab377907a2be8",
        "type": "github"
      },
      "original": {
        "owner": "edolstra",
        "repo": "flake-compat",
        "type": "github"
      }
    },
    "flake-compat_2": {
      "flake": false,
      "locked": {
        "lastModified": 1696426674,
        "narHash": "sha256-kvjfFW7WAETZlt09AgDn1MrtKzP7t90Vf7vypd3OL1U=",
        "owner": "edolstra",
        "repo": "flake-compat",
        "rev": "0f9255e01c2351cc7d116c072cb317785dd33b33",
        "type": "github"
      },
      "original": {
        "owner": "edolstra",
        "repo": "flake-compat",
        "type": "github"
      }
    },
    "flake-compat_3": {
      "flake": false,
      "locked": {
        "lastModified": 1696426674,
        "narHash": "sha256-kvjfFW7WAETZlt09AgDn1MrtKzP7t90Vf7vypd3OL1U=",
        "owner": "edolstra",
        "repo": "flake-compat",
        "rev": "0f9255e01c2351cc7d116c072cb317785dd33b33",
        "type": "github"
      },
      "original": {
        "owner": "edolstra",
        "repo": "flake-compat",
        "type": "github"
      }
    },
    "flake-parts": {
      "inputs": {
        "nixpkgs-lib": [
          "devenv",
          "nix",
          "nixpkgs"
        ]
      },
      "locked": {
        "lastModified": 1712014858,
        "narHash": "sha256-sB4SWl2lX95bExY2gMFG5HIzvva5AVMJd4Igm+GpZNw=",
        "owner": "hercules-ci",
        "repo": "flake-parts",
        "rev": "9126214d0a59633752a136528f5f3b9aa8565b7d",
        "type": "github"
      },
      "original": {
        "owner": "hercules-ci",
        "repo": "flake-parts",
        "type": "github"
      }
    },
    "flake-parts_2": {
      "inputs": {
        "nixpkgs-lib": [
          "nixos",
          "devenv",
          "nix",
          "nixpkgs"
        ]
      },
      "locked": {
        "lastModified": 1712014858,
        "narHash": "sha256-sB4SWl2lX95bExY2gMFG5HIzvva5AVMJd4Igm+GpZNw=",
        "owner": "hercules-ci",
        "repo": "flake-parts",
        "rev": "9126214d0a59633752a136528f5f3b9aa8565b7d",
        "type": "github"
      },
      "original": {
        "owner": "hercules-ci",
        "repo": "flake-parts",
        "type": "github"
      }
    },
    "flake-utils": {
      "locked": {
        "lastModified": 1659877975,
        "narHash": "sha256-zllb8aq3YO3h8B/U0/J1WBgAL8EX5yWf5pMj3G0NAmc=",
        "owner": "numtide",
        "repo": "flake-utils",
        "rev": "c0e246b9b83f637f4681389ecabcb2681b4f3af0",
        "type": "github"
      },
      "original": {
        "owner": "numtide",
        "repo": "flake-utils",
        "type": "github"
      }
    },
    "flake-utils_2": {
      "inputs": {
        "systems": "systems"
      },
      "locked": {
        "lastModified": 1710146030,
        "narHash": "sha256-SZ5L6eA7HJ/nmkzGG7/ISclqe6oZdOZTNoesiInkXPQ=",
        "owner": "numtide",
        "repo": "flake-utils",
        "rev": "b1d9ab70662946ef0850d488da1c9019f3a9752a",
        "type": "github"
      },
      "original": {
        "owner": "numtide",
        "repo": "flake-utils",
        "type": "github"
      }
    },
    "flake-utils_3": {
      "inputs": {
        "systems": "systems_3"
      },
      "locked": {
        "lastModified": 1731533236,
        "narHash": "sha256-l0KFg5HjrsfsO/JpG+r7fRrqm12kzFHyUHqHCVpMMbI=",
        "owner": "numtide",
        "repo": "flake-utils",
        "rev": "11707dc2f618dd54ca8739b309ec4fc024de578b",
        "type": "github"
      },
      "original": {
        "owner": "numtide",
        "repo": "flake-utils",
        "type": "github"
      }
    },
    "flake-utils_4": {
      "locked": {
        "lastModified": 1659877975,
        "narHash": "sha256-zllb8aq3YO3h8B/U0/J1WBgAL8EX5yWf5pMj3G0NAmc=",
        "owner": "numtide",
        "repo": "flake-utils",
        "rev": "c0e246b9b83f637f4681389ecabcb2681b4f3af0",
        "type": "github"
      },
      "original": {
        "owner": "numtide",
        "repo": "flake-utils",
        "type": "github"
      }
    },
    "flakeCompat": {
      "flake": false,
      "locked": {
        "lastModified": 1696426674,
        "narHash": "sha256-kvjfFW7WAETZlt09AgDn1MrtKzP7t90Vf7vypd3OL1U=",
        "owner": "edolstra",
        "repo": "flake-compat",
        "rev": "0f9255e01c2351cc7d116c072cb317785dd33b33",
        "type": "github"
      },
      "original": {
        "owner": "edolstra",
        "repo": "flake-compat",
        "type": "github"
      }
    },
    "git-hooks": {
      "inputs": {
        "flake-compat": [
          "devenv"
        ],
        "gitignore": "gitignore",
        "nixpkgs": [
          "devenv",
          "nixpkgs"
        ],
        "nixpkgs-stable": [
          "devenv"
        ]
      },
      "locked": {
        "lastModified": 1730302582,
        "narHash": "sha256-W1MIJpADXQCgosJZT8qBYLRuZls2KSiKdpnTVdKBuvU=",
        "owner": "cachix",
        "repo": "git-hooks.nix",
        "rev": "af8a16fe5c264f5e9e18bcee2859b40a656876cf",
        "type": "github"
      },
      "original": {
        "owner": "cachix",
        "repo": "git-hooks.nix",
        "type": "github"
      }
    },
    "git-hooks_2": {
      "inputs": {
        "flake-compat": [
          "nixos",
          "devenv"
        ],
        "gitignore": "gitignore_2",
        "nixpkgs": [
          "nixos",
          "devenv",
          "nixpkgs"
        ],
        "nixpkgs-stable": [
          "nixos",
          "devenv"
        ]
      },
      "locked": {
        "lastModified": 1730302582,
        "narHash": "sha256-W1MIJpADXQCgosJZT8qBYLRuZls2KSiKdpnTVdKBuvU=",
        "owner": "cachix",
        "repo": "git-hooks.nix",
        "rev": "af8a16fe5c264f5e9e18bcee2859b40a656876cf",
        "type": "github"
      },
      "original": {
        "owner": "cachix",
        "repo": "git-hooks.nix",
        "type": "github"
      }
    },
    "gitignore": {
      "inputs": {
        "nixpkgs": [
          "devenv",
          "git-hooks",
          "nixpkgs"
        ]
      },
      "locked": {
        "lastModified": 1709087332,
        "narHash": "sha256-HG2cCnktfHsKV0s4XW83gU3F57gaTljL9KNSuG6bnQs=",
        "owner": "hercules-ci",
        "repo": "gitignore.nix",
        "rev": "637db329424fd7e46cf4185293b9cc8c88c95394",
        "type": "github"
      },
      "original": {
        "owner": "hercules-ci",
        "repo": "gitignore.nix",
        "type": "github"
      }
    },
    "gitignore_2": {
      "inputs": {
        "nixpkgs": [
          "nixos",
          "devenv",
          "git-hooks",
          "nixpkgs"
        ]
      },
      "locked": {
        "lastModified": 1709087332,
        "narHash": "sha256-HG2cCnktfHsKV0s4XW83gU3F57gaTljL9KNSuG6bnQs=",
        "owner": "hercules-ci",
        "repo": "gitignore.nix",
        "rev": "637db329424fd7e46cf4185293b9cc8c88c95394",
        "type": "github"
      },
      "original": {
        "owner": "hercules-ci",
        "repo": "gitignore.nix",
        "type": "github"
      }
    },
    "home-manager": {
      "inputs": {
        "nixpkgs": [
          "nixpkgs"
        ]
      },
      "locked": {
        "lastModified": 1736785676,
        "narHash": "sha256-TY0jUwR3EW0fnS0X5wXMAVy6h4Z7Y6a3m+Yq++C9AyE=",
        "owner": "nix-community",
        "repo": "home-manager",
        "rev": "fc52a210b60f2f52c74eac41a8647c1573d2071d",
        "type": "github"
      },
      "original": {
        "owner": "nix-community",
        "repo": "home-manager",
        "type": "github"
      }
    },
    "libgit2": {
      "flake": false,
      "locked": {
        "lastModified": 1697646580,
        "narHash": "sha256-oX4Z3S9WtJlwvj0uH9HlYcWv+x1hqp8mhXl7HsLu2f0=",
        "owner": "libgit2",
        "repo": "libgit2",
        "rev": "45fd9ed7ae1a9b74b957ef4f337bc3c8b3df01b5",
        "type": "github"
      },
      "original": {
        "owner": "libgit2",
        "repo": "libgit2",
        "type": "github"
      }
    },
    "libgit2_2": {
      "flake": false,
      "locked": {
        "lastModified": 1697646580,
        "narHash": "sha256-oX4Z3S9WtJlwvj0uH9HlYcWv+x1hqp8mhXl7HsLu2f0=",
        "owner": "libgit2",
        "repo": "libgit2",
        "rev": "45fd9ed7ae1a9b74b957ef4f337bc3c8b3df01b5",
        "type": "github"
      },
      "original": {
        "owner": "libgit2",
        "repo": "libgit2",
        "type": "github"
      }
    },
    "microvm": {
      "inputs": {
        "flake-utils": "flake-utils_3",
        "nixpkgs": [
          "nixos",
          "nixpkgs"
        ],
        "spectrum": "spectrum"
      },
      "locked": {
        "lastModified": 1736905611,
        "narHash": "sha256-eW6SfZRaOnOybBzhvEzu3iRL8IhwE0ETxUpnkErlqkE=",
        "owner": "astro",
        "repo": "microvm.nix",
        "rev": "a18d7ba1bb7fd4841191044ca7a7f895ef2adf3b",
        "type": "github"
      },
      "original": {
        "owner": "astro",
        "repo": "microvm.nix",
        "type": "github"
      }
    },
    "neovimrc": {
      "inputs": {
        "alejandra": [
          "alejandra"
        ],
        "nixpkgs": [
          "nixpkgs"
        ],
        "utils": [
          "utils"
        ]
      },
      "locked": {
        "lastModified": 1736551900,
        "narHash": "sha256-BQzbuB0LA2hGmnT48vqiC9sa9nVI6eyiYiu3MHBHgQU=",
        "ref": "refs/heads/main",
        "rev": "250f88cd13dce97e6fbbd5eb7dc6415a56b99dfb",
        "revCount": 193,
        "type": "git",
        "url": "https://framagit.org/rdeville-public/dotfiles/neovim.git"
      },
      "original": {
        "type": "git",
        "url": "https://framagit.org/rdeville-public/dotfiles/neovim.git"
      }
    },
    "nix": {
      "inputs": {
        "flake-compat": [
          "devenv"
        ],
        "flake-parts": "flake-parts",
        "libgit2": "libgit2",
        "nixpkgs": "nixpkgs_2",
        "nixpkgs-23-11": [
          "devenv"
        ],
        "nixpkgs-regression": [
          "devenv"
        ],
        "pre-commit-hooks": [
          "devenv"
        ]
      },
      "locked": {
        "lastModified": 1727438425,
        "narHash": "sha256-X8ES7I1cfNhR9oKp06F6ir4Np70WGZU5sfCOuNBEwMg=",
        "owner": "domenkozar",
        "repo": "nix",
        "rev": "f6c5ae4c1b2e411e6b1e6a8181cc84363d6a7546",
        "type": "github"
      },
      "original": {
        "owner": "domenkozar",
        "ref": "devenv-2.24",
        "repo": "nix",
        "type": "github"
      }
    },
    "nix-github-actions": {
      "inputs": {
        "nixpkgs": [
          "colmena",
          "nixpkgs"
        ]
      },
      "locked": {
        "lastModified": 1729742964,
        "narHash": "sha256-B4mzTcQ0FZHdpeWcpDYPERtyjJd/NIuaQ9+BV1h+MpA=",
        "owner": "nix-community",
        "repo": "nix-github-actions",
        "rev": "e04df33f62cdcf93d73e9a04142464753a16db67",
        "type": "github"
      },
      "original": {
        "owner": "nix-community",
        "repo": "nix-github-actions",
        "type": "github"
      }
    },
    "nix-github-actions_2": {
      "inputs": {
        "nixpkgs": [
          "dotgit-sync",
          "poetry2nix",
          "nixpkgs"
        ]
      },
      "locked": {
        "lastModified": 1703863825,
        "narHash": "sha256-rXwqjtwiGKJheXB43ybM8NwWB8rO2dSRrEqes0S7F5Y=",
        "owner": "nix-community",
        "repo": "nix-github-actions",
        "rev": "5163432afc817cf8bd1f031418d1869e4c9d5547",
        "type": "github"
      },
      "original": {
        "owner": "nix-community",
        "repo": "nix-github-actions",
        "type": "github"
      }
    },
    "nix-index-database": {
      "inputs": {
        "nixpkgs": [
          "nixpkgs"
        ]
      },
      "locked": {
        "lastModified": 1736652904,
        "narHash": "sha256-8uolHABgroXqzs03QdulHp8H9e5kWQZnnhcda1MKbBM=",
        "owner": "nix-community",
        "repo": "nix-index-database",
        "rev": "271e5bd7c57e1f001693799518b10a02d1123b12",
        "type": "github"
      },
      "original": {
        "owner": "nix-community",
        "repo": "nix-index-database",
        "type": "github"
      }
    },
    "nix_2": {
      "inputs": {
        "flake-compat": [
          "nixos",
          "devenv"
        ],
        "flake-parts": "flake-parts_2",
        "libgit2": "libgit2_2",
        "nixpkgs": "nixpkgs_5",
        "nixpkgs-23-11": [
          "nixos",
          "devenv"
        ],
        "nixpkgs-regression": [
          "nixos",
          "devenv"
        ],
        "pre-commit-hooks": [
          "nixos",
          "devenv"
        ]
      },
      "locked": {
        "lastModified": 1727438425,
        "narHash": "sha256-X8ES7I1cfNhR9oKp06F6ir4Np70WGZU5sfCOuNBEwMg=",
        "owner": "domenkozar",
        "repo": "nix",
        "rev": "f6c5ae4c1b2e411e6b1e6a8181cc84363d6a7546",
        "type": "github"
      },
      "original": {
        "owner": "domenkozar",
        "ref": "devenv-2.24",
        "repo": "nix",
        "type": "github"
      }
    },
    "nixgl": {
      "inputs": {
        "flake-utils": "flake-utils_4",
        "nixpkgs": "nixpkgs_7"
      },
      "locked": {
        "lastModified": 1713543440,
        "narHash": "sha256-lnzZQYG0+EXl/6NkGpyIz+FEOc/DSEG57AP1VsdeNrM=",
        "owner": "nix-community",
        "repo": "nixGL",
        "rev": "310f8e49a149e4c9ea52f1adf70cdc768ec53f8a",
        "type": "github"
      },
      "original": {
        "owner": "nix-community",
        "repo": "nixGL",
        "type": "github"
      }
    },
    "nixos": {
      "inputs": {
        "alejandra": [
          "alejandra"
        ],
        "awesome": [
          "awesome"
        ],
        "colmena": [
          "colmena"
        ],
        "devenv": "devenv_2",
        "home-manager": [
          "home-manager"
        ],
        "microvm": "microvm",
        "nix-index-database": [
          "nix-index-database"
        ],
        "nixgl": "nixgl",
        "nixos-hardware": "nixos-hardware",
        "nixos-shell": "nixos-shell",
        "nixpkgs": [
          "nixpkgs"
        ],
        "nixpkgs-unstable": "nixpkgs-unstable",
        "sops-nix": [
          "sops-nix"
        ],
        "utils": [
          "utils"
        ]
      },
      "locked": {
        "lastModified": 1736976633,
        "narHash": "sha256-sNByusKP0qElXbNw7MxprLTlhsrpNxjSLOvekh2JyVo=",
        "ref": "refs/heads/main",
        "rev": "0562738e8cedfe444e92a3ff248a37dc5e06c996",
        "revCount": 378,
        "type": "git",
        "url": "https://framagit.org/rdeville-public/dotfiles/nixos-config.git"
      },
      "original": {
        "type": "git",
        "url": "https://framagit.org/rdeville-public/dotfiles/nixos-config.git"
      }
    },
    "nixos-hardware": {
      "locked": {
        "lastModified": 1736441705,
        "narHash": "sha256-OL7leZ6KBhcDF3nEKe4aZVfIm6xQpb1Kb+mxySIP93o=",
        "owner": "nixos",
        "repo": "nixos-hardware",
        "rev": "8870dcaff63dfc6647fb10648b827e9d40b0a337",
        "type": "github"
      },
      "original": {
        "owner": "nixos",
        "ref": "master",
        "repo": "nixos-hardware",
        "type": "github"
      }
    },
    "nixos-shell": {
      "inputs": {
        "nixpkgs": [
          "nixos",
          "nixpkgs"
        ]
      },
      "locked": {
        "lastModified": 1732727306,
        "narHash": "sha256-4R+OVEmJ8yR7/gsxMQtC39b9f61SvELYQwKeXGAyFfo=",
        "owner": "Mic92",
        "repo": "nixos-shell",
        "rev": "c61dce7cf5dc263d237ba8a7fc175b09642f96eb",
        "type": "github"
      },
      "original": {
        "owner": "Mic92",
        "repo": "nixos-shell",
        "type": "github"
      }
    },
    "nixpkgs": {
      "locked": {
        "lastModified": 1730531603,
        "narHash": "sha256-Dqg6si5CqIzm87sp57j5nTaeBbWhHFaVyG7V6L8k3lY=",
        "owner": "NixOS",
        "repo": "nixpkgs",
        "rev": "7ffd9ae656aec493492b44d0ddfb28e79a1ea25d",
        "type": "github"
      },
      "original": {
        "owner": "NixOS",
        "ref": "nixos-unstable",
        "repo": "nixpkgs",
        "type": "github"
      }
    },
    "nixpkgs-unstable": {
      "locked": {
        "lastModified": 1736798957,
        "narHash": "sha256-qwpCtZhSsSNQtK4xYGzMiyEDhkNzOCz/Vfu4oL2ETsQ=",
        "owner": "nixos",
        "repo": "nixpkgs",
        "rev": "9abb87b552b7f55ac8916b6fc9e5cb486656a2f3",
        "type": "github"
      },
      "original": {
        "owner": "nixos",
        "ref": "nixos-unstable",
        "repo": "nixpkgs",
        "type": "github"
      }
    },
    "nixpkgs_2": {
      "locked": {
        "lastModified": 1717432640,
        "narHash": "sha256-+f9c4/ZX5MWDOuB1rKoWj+lBNm0z0rs4CK47HBLxy1o=",
        "owner": "NixOS",
        "repo": "nixpkgs",
        "rev": "88269ab3044128b7c2f4c7d68448b2fb50456870",
        "type": "github"
      },
      "original": {
        "owner": "NixOS",
        "ref": "release-24.05",
        "repo": "nixpkgs",
        "type": "github"
      }
    },
    "nixpkgs_3": {
      "locked": {
        "lastModified": 1716977621,
        "narHash": "sha256-Q1UQzYcMJH4RscmpTkjlgqQDX5yi1tZL0O345Ri6vXQ=",
        "owner": "cachix",
        "repo": "devenv-nixpkgs",
        "rev": "4267e705586473d3e5c8d50299e71503f16a6fb6",
        "type": "github"
      },
      "original": {
        "owner": "cachix",
        "ref": "rolling",
        "repo": "devenv-nixpkgs",
        "type": "github"
      }
    },
    "nixpkgs_4": {
      "locked": {
        "lastModified": 1730531603,
        "narHash": "sha256-Dqg6si5CqIzm87sp57j5nTaeBbWhHFaVyG7V6L8k3lY=",
        "owner": "NixOS",
        "repo": "nixpkgs",
        "rev": "7ffd9ae656aec493492b44d0ddfb28e79a1ea25d",
        "type": "github"
      },
      "original": {
        "owner": "NixOS",
        "ref": "nixos-unstable",
        "repo": "nixpkgs",
        "type": "github"
      }
    },
    "nixpkgs_5": {
      "locked": {
        "lastModified": 1717432640,
        "narHash": "sha256-+f9c4/ZX5MWDOuB1rKoWj+lBNm0z0rs4CK47HBLxy1o=",
        "owner": "NixOS",
        "repo": "nixpkgs",
        "rev": "88269ab3044128b7c2f4c7d68448b2fb50456870",
        "type": "github"
      },
      "original": {
        "owner": "NixOS",
        "ref": "release-24.05",
        "repo": "nixpkgs",
        "type": "github"
      }
    },
    "nixpkgs_6": {
      "locked": {
        "lastModified": 1716977621,
        "narHash": "sha256-Q1UQzYcMJH4RscmpTkjlgqQDX5yi1tZL0O345Ri6vXQ=",
        "owner": "cachix",
        "repo": "devenv-nixpkgs",
        "rev": "4267e705586473d3e5c8d50299e71503f16a6fb6",
        "type": "github"
      },
      "original": {
        "owner": "cachix",
        "ref": "rolling",
        "repo": "devenv-nixpkgs",
        "type": "github"
      }
    },
    "nixpkgs_7": {
      "locked": {
        "lastModified": 1660551188,
        "narHash": "sha256-a1LARMMYQ8DPx1BgoI/UN4bXe12hhZkCNqdxNi6uS0g=",
        "owner": "nixos",
        "repo": "nixpkgs",
        "rev": "441dc5d512153039f19ef198e662e4f3dbb9fd65",
        "type": "github"
      },
      "original": {
        "owner": "nixos",
        "repo": "nixpkgs",
        "type": "github"
      }
    },
    "nixpkgs_8": {
      "locked": {
        "lastModified": 1736798957,
        "narHash": "sha256-qwpCtZhSsSNQtK4xYGzMiyEDhkNzOCz/Vfu4oL2ETsQ=",
        "owner": "nixos",
        "repo": "nixpkgs",
        "rev": "9abb87b552b7f55ac8916b6fc9e5cb486656a2f3",
        "type": "github"
      },
      "original": {
        "owner": "nixos",
        "ref": "nixos-unstable",
        "repo": "nixpkgs",
        "type": "github"
      }
    },
    "poetry2nix": {
      "inputs": {
        "flake-utils": "flake-utils_2",
        "nix-github-actions": "nix-github-actions_2",
        "nixpkgs": [
          "dotgit-sync",
          "nixpkgs"
        ],
        "systems": "systems_2",
        "treefmt-nix": "treefmt-nix"
      },
      "locked": {
        "lastModified": 1725532428,
        "narHash": "sha256-dCfawQDwpukcwQw++Cn/3LIh/RZMmH+k3fm91Oc5Pf0=",
        "owner": "nix-community",
        "repo": "poetry2nix",
        "rev": "a313fd7169ae43ecd1a2ea2f1e4899fe3edba4d2",
        "type": "github"
      },
      "original": {
        "owner": "nix-community",
        "repo": "poetry2nix",
        "type": "github"
      }
    },
    "root": {
      "inputs": {
        "alejandra": "alejandra",
        "awesome": "awesome",
        "awesomerc": "awesomerc",
        "colmena": "colmena",
        "devenv": "devenv",
        "direnvrc": "direnvrc",
        "dotgit-sync": "dotgit-sync",
        "home-manager": "home-manager",
        "neovimrc": "neovimrc",
        "nix-index-database": "nix-index-database",
        "nixos": "nixos",
        "nixpkgs": "nixpkgs_8",
        "sops-nix": "sops-nix",
        "tmuxrc": "tmuxrc",
        "utils": "utils",
        "zshrc": "zshrc"
      }
    },
    "rust-analyzer-src": {
      "flake": false,
      "locked": {
        "lastModified": 1730555913,
        "narHash": "sha256-KNHZUlqsEibg3YtfUyOFQSofP8hp1HKoY+laoesBxRM=",
        "owner": "rust-lang",
        "repo": "rust-analyzer",
        "rev": "f17a5bbfd0969ba2e63a74505a80e55ecb174ed9",
        "type": "github"
      },
      "original": {
        "owner": "rust-lang",
        "ref": "nightly",
        "repo": "rust-analyzer",
        "type": "github"
      }
    },
    "sops-nix": {
      "inputs": {
        "nixpkgs": [
          "nixpkgs"
        ]
      },
      "locked": {
        "lastModified": 1736808430,
        "narHash": "sha256-wlgdf/n7bJMLBheqt1jmPoxJFrUP6FByKQFXuM9YvIk=",
        "owner": "Mic92",
        "repo": "sops-nix",
        "rev": "553c7cb22fed19fd60eb310423fdc93045c51ba8",
        "type": "github"
      },
      "original": {
        "owner": "Mic92",
        "ref": "master",
        "repo": "sops-nix",
        "type": "github"
      }
    },
    "spectrum": {
      "flake": false,
      "locked": {
        "lastModified": 1733308308,
        "narHash": "sha256-+RcbMAjSxV1wW5UpS9abIG1lFZC8bITPiFIKNnE7RLs=",
        "ref": "refs/heads/main",
        "rev": "80c9e9830d460c944c8f730065f18bb733bc7ee2",
        "revCount": 792,
        "type": "git",
        "url": "https://spectrum-os.org/git/spectrum"
      },
      "original": {
        "type": "git",
        "url": "https://spectrum-os.org/git/spectrum"
      }
    },
    "stable": {
      "locked": {
        "lastModified": 1730883749,
        "narHash": "sha256-mwrFF0vElHJP8X3pFCByJR365Q2463ATp2qGIrDUdlE=",
        "owner": "NixOS",
        "repo": "nixpkgs",
        "rev": "dba414932936fde69f0606b4f1d87c5bc0003ede",
        "type": "github"
      },
      "original": {
        "owner": "NixOS",
        "ref": "nixos-24.05",
        "repo": "nixpkgs",
        "type": "github"
      }
    },
    "systems": {
      "locked": {
        "lastModified": 1681028828,
        "narHash": "sha256-Vy1rq5AaRuLzOxct8nz4T6wlgyUR7zLU309k9mBC768=",
        "owner": "nix-systems",
        "repo": "default",
        "rev": "da67096a3b9bf56a91d16901293e51ba5b49a27e",
        "type": "github"
      },
      "original": {
        "owner": "nix-systems",
        "repo": "default",
        "type": "github"
      }
    },
    "systems_2": {
      "locked": {
        "lastModified": 1681028828,
        "narHash": "sha256-Vy1rq5AaRuLzOxct8nz4T6wlgyUR7zLU309k9mBC768=",
        "owner": "nix-systems",
        "repo": "default",
        "rev": "da67096a3b9bf56a91d16901293e51ba5b49a27e",
        "type": "github"
      },
      "original": {
        "id": "systems",
        "type": "indirect"
      }
    },
    "systems_3": {
      "locked": {
        "lastModified": 1681028828,
        "narHash": "sha256-Vy1rq5AaRuLzOxct8nz4T6wlgyUR7zLU309k9mBC768=",
        "owner": "nix-systems",
        "repo": "default",
        "rev": "da67096a3b9bf56a91d16901293e51ba5b49a27e",
        "type": "github"
      },
      "original": {
        "owner": "nix-systems",
        "repo": "default",
        "type": "github"
      }
    },
    "systems_4": {
      "locked": {
        "lastModified": 1681028828,
        "narHash": "sha256-Vy1rq5AaRuLzOxct8nz4T6wlgyUR7zLU309k9mBC768=",
        "owner": "nix-systems",
        "repo": "default",
        "rev": "da67096a3b9bf56a91d16901293e51ba5b49a27e",
        "type": "github"
      },
      "original": {
        "owner": "nix-systems",
        "repo": "default",
        "type": "github"
      }
    },
    "tmuxrc": {
      "inputs": {
        "alejandra": [
          "alejandra"
        ],
        "nixpkgs": [
          "nixpkgs"
        ],
        "utils": [
          "utils"
        ]
      },
      "locked": {
        "lastModified": 1728338339,
        "narHash": "sha256-NOfMgyzwwjA3sOal6/rXeVtjdmV+kJP4zV8jXJdM32s=",
        "ref": "refs/heads/main",
        "rev": "d6f01784ae7b6fdcc52835da7bdfaa245e3ed41d",
        "revCount": 63,
        "type": "git",
        "url": "https://framagit.org/rdeville-public/dotfiles/tmux.git"
      },
      "original": {
        "type": "git",
        "url": "https://framagit.org/rdeville-public/dotfiles/tmux.git"
      }
    },
    "treefmt-nix": {
      "inputs": {
        "nixpkgs": [
          "dotgit-sync",
          "poetry2nix",
          "nixpkgs"
        ]
      },
      "locked": {
        "lastModified": 1719749022,
        "narHash": "sha256-ddPKHcqaKCIFSFc/cvxS14goUhCOAwsM1PbMr0ZtHMg=",
        "owner": "numtide",
        "repo": "treefmt-nix",
        "rev": "8df5ff62195d4e67e2264df0b7f5e8c9995fd0bd",
        "type": "github"
      },
      "original": {
        "owner": "numtide",
        "repo": "treefmt-nix",
        "type": "github"
      }
    },
    "utils": {
      "inputs": {
        "systems": "systems_4"
      },
      "locked": {
        "lastModified": 1731533236,
        "narHash": "sha256-l0KFg5HjrsfsO/JpG+r7fRrqm12kzFHyUHqHCVpMMbI=",
        "owner": "numtide",
        "repo": "flake-utils",
        "rev": "11707dc2f618dd54ca8739b309ec4fc024de578b",
        "type": "github"
      },
      "original": {
        "owner": "numtide",
        "repo": "flake-utils",
        "type": "github"
      }
    },
    "zshrc": {
      "inputs": {
        "alejandra": [
          "alejandra"
        ],
        "nixpkgs": [
          "nixpkgs"
        ],
        "utils": [
          "utils"
        ]
      },
      "locked": {
        "lastModified": 1725790955,
        "narHash": "sha256-UWScLab4SlcrhU4cvwi0WOJC0HWNuET2HAoT8AYi/H4=",
        "ref": "refs/heads/main",
        "rev": "9ce7278ef4b26c26d896d763942803f36c7be646",
        "revCount": 67,
        "type": "git",
        "url": "https://framagit.org/rdeville-public/dotfiles/shell.git"
      },
      "original": {
        "type": "git",
        "url": "https://framagit.org/rdeville-public/dotfiles/shell.git"
      }
    }
  },
  "root": "root",
  "version": 7
}
