{
  "nodes": {
    "awesome": {
      "flake": false,
      "locked": {
        "lastModified": 1738709653,
        "narHash": "sha256-IN5sNBDoC6CtBzr3Qp8S9r0rfqR2CD/maGB1aiZdRE4=",
        "owner": "awesomeWM",
        "repo": "awesome",
        "rev": "691e36425a645e54402cb04efc4c2b00d73051bd",
        "type": "github"
      },
      "original": {
        "owner": "awesomeWM",
        "ref": "master",
        "repo": "awesome",
        "type": "github"
      }
    },
    "awesomerc": {
      "inputs": {
        "awesome": [
          "awesome"
        ],
        "bling": "bling",
        "nixpkgs": [
          "nixpkgs"
        ]
      },
      "locked": {
        "lastModified": 1739035267,
        "narHash": "sha256-qBoL+q5ABz9gsUEDj8ILnQqYLhC1UVj7XVHbuF67DZk=",
        "ref": "refs/heads/main",
        "rev": "bb6f6dbf88e4e33c70d8f748880a0933c9ac3619",
        "revCount": 144,
        "type": "git",
        "url": "https://framagit.org/rdeville-public/dotfiles/awesomewm.git"
      },
      "original": {
        "type": "git",
        "url": "https://framagit.org/rdeville-public/dotfiles/awesomewm.git"
      }
    },
    "bling": {
      "flake": false,
      "locked": {
        "lastModified": 1734481618,
        "narHash": "sha256-rhhUsXQ3awjFiEHEG0axilSCWS6pR+w74K/pIfEUc5w=",
        "owner": "BlingCorp",
        "repo": "bling",
        "rev": "bcfb671248cf9ff636b7fd7d7120d8ed9deaa395",
        "type": "github"
      },
      "original": {
        "owner": "BlingCorp",
        "ref": "master",
        "repo": "bling",
        "type": "github"
      }
    },
    "direnvrc": {
      "inputs": {
        "nixpkgs": [
          "nixpkgs"
        ]
      },
      "locked": {
        "lastModified": 1739035380,
        "narHash": "sha256-Uu1Ru/zPslbl3VfEx9qd9zFmgHhLgDiGDtpbrVHiADM=",
        "ref": "refs/heads/main",
        "rev": "a76f9e9f051b79d84350ebd735eb528129c6acc0",
        "revCount": 187,
        "type": "git",
        "url": "https://framagit.org/rdeville-public/dotfiles/direnv.git"
      },
      "original": {
        "type": "git",
        "url": "https://framagit.org/rdeville-public/dotfiles/direnv.git"
      }
    },
    "disko": {
      "inputs": {
        "nixpkgs": [
          "nixpkgs"
        ]
      },
      "locked": {
        "lastModified": 1739841949,
        "narHash": "sha256-lSOXdgW/1zi/SSu7xp71v+55D5Egz8ACv0STkj7fhbs=",
        "owner": "nix-community",
        "repo": "disko",
        "rev": "15dbf8cebd8e2655a883b74547108e089f051bf0",
        "type": "github"
      },
      "original": {
        "owner": "nix-community",
        "repo": "disko",
        "type": "github"
      }
    },
    "dotgit-sync": {
      "inputs": {
        "nixpkgs": [
          "nixpkgs"
        ],
        "poetry2nix": "poetry2nix"
      },
      "locked": {
        "lastModified": 1739042788,
        "narHash": "sha256-AcsK/T7UCOsnXltkdMsiAlPzlD45q//+S0vnUItNMUI=",
        "ref": "refs/heads/main",
        "rev": "74fecfa3ccd1793d8a5c47f2d1ecc6d78083d090",
        "revCount": 267,
        "type": "git",
        "url": "https://framagit.org/rdeville-public/programs/dotgit-sync.git"
      },
      "original": {
        "type": "git",
        "url": "https://framagit.org/rdeville-public/programs/dotgit-sync.git"
      }
    },
    "flake-parts": {
      "inputs": {
        "nixpkgs-lib": "nixpkgs-lib"
      },
      "locked": {
        "lastModified": 1735774679,
        "narHash": "sha256-soePLBazJk0qQdDVhdbM98vYdssfs3WFedcq+raipRI=",
        "owner": "hercules-ci",
        "repo": "flake-parts",
        "rev": "f2f7418ce0ab4a5309a4596161d154cfc877af66",
        "type": "github"
      },
      "original": {
        "owner": "hercules-ci",
        "repo": "flake-parts",
        "type": "github"
      }
    },
    "flake-utils": {
      "inputs": {
        "systems": "systems"
      },
      "locked": {
        "lastModified": 1726560853,
        "narHash": "sha256-X6rJYSESBVr3hBoH0WbKE5KvhPU5bloyZ2L4K60/fPQ=",
        "owner": "numtide",
        "repo": "flake-utils",
        "rev": "c1dfcf08411b08f6b8615f7d8971a2bfa81d5e8a",
        "type": "github"
      },
      "original": {
        "owner": "numtide",
        "repo": "flake-utils",
        "type": "github"
      }
    },
    "flake-utils_2": {
      "locked": {
        "lastModified": 1659877975,
        "narHash": "sha256-zllb8aq3YO3h8B/U0/J1WBgAL8EX5yWf5pMj3G0NAmc=",
        "owner": "numtide",
        "repo": "flake-utils",
        "rev": "c0e246b9b83f637f4681389ecabcb2681b4f3af0",
        "type": "github"
      },
      "original": {
        "owner": "numtide",
        "repo": "flake-utils",
        "type": "github"
      }
    },
    "home-manager": {
      "inputs": {
        "nixpkgs": [
          "nixpkgs"
        ]
      },
      "locked": {
        "lastModified": 1740060750,
        "narHash": "sha256-FOC9OzJ5Ckh6VjzGSRh4F3UCUOdM8NrzQT19PQcQJ44=",
        "owner": "nix-community",
        "repo": "home-manager",
        "rev": "0c0b0ac8af6ca76b1fcb514483a9bd73c18f1e8c",
        "type": "github"
      },
      "original": {
        "owner": "nix-community",
        "repo": "home-manager",
        "type": "github"
      }
    },
    "hyprswitch": {
      "inputs": {
        "flake-parts": "flake-parts",
        "nixpkgs": [
          "nixpkgs"
        ],
        "rust-overlay": "rust-overlay"
      },
      "locked": {
        "lastModified": 1738828244,
        "narHash": "sha256-cmo544QvdacVTHPqmc6er4xnSSc63e6Z71BS0FxSklE=",
        "owner": "h3rmt",
        "repo": "hyprswitch",
        "rev": "bb06fb046aa1c204c2effa382573b8045cefd355",
        "type": "github"
      },
      "original": {
        "owner": "h3rmt",
        "ref": "release",
        "repo": "hyprswitch",
        "type": "github"
      }
    },
    "neovimrc": {
      "inputs": {
        "nixpkgs": [
          "nixpkgs"
        ]
      },
      "locked": {
        "lastModified": 1739575945,
        "narHash": "sha256-2kA8G73mOXtSkH1iFNjuq+qVj/yP4SsBcHxwSDwOjv8=",
        "ref": "refs/heads/main",
        "rev": "de6ffb900f3143fbf743c29f22d373e9ff6f6cf2",
        "revCount": 246,
        "type": "git",
        "url": "https://framagit.org/rdeville-public/dotfiles/neovim.git"
      },
      "original": {
        "type": "git",
        "url": "https://framagit.org/rdeville-public/dotfiles/neovim.git"
      }
    },
    "nix-github-actions": {
      "inputs": {
        "nixpkgs": [
          "dotgit-sync",
          "poetry2nix",
          "nixpkgs"
        ]
      },
      "locked": {
        "lastModified": 1729742964,
        "narHash": "sha256-B4mzTcQ0FZHdpeWcpDYPERtyjJd/NIuaQ9+BV1h+MpA=",
        "owner": "nix-community",
        "repo": "nix-github-actions",
        "rev": "e04df33f62cdcf93d73e9a04142464753a16db67",
        "type": "github"
      },
      "original": {
        "owner": "nix-community",
        "repo": "nix-github-actions",
        "type": "github"
      }
    },
    "nix-index-database": {
      "inputs": {
        "nixpkgs": [
          "nixpkgs"
        ]
      },
      "locked": {
        "lastModified": 1739676768,
        "narHash": "sha256-U1HQ7nzhJyVVXUgjU028UCkbLQLEIkg42+G7iIiBmlU=",
        "owner": "nix-community",
        "repo": "nix-index-database",
        "rev": "ae15068e79e22b76c344f0d7f8aed1bb1c5b0b63",
        "type": "github"
      },
      "original": {
        "owner": "nix-community",
        "repo": "nix-index-database",
        "type": "github"
      }
    },
    "nixgl": {
      "inputs": {
        "flake-utils": "flake-utils_2",
        "nixpkgs": [
          "nixpkgs"
        ]
      },
      "locked": {
        "lastModified": 1713543440,
        "narHash": "sha256-lnzZQYG0+EXl/6NkGpyIz+FEOc/DSEG57AP1VsdeNrM=",
        "owner": "nix-community",
        "repo": "nixGL",
        "rev": "310f8e49a149e4c9ea52f1adf70cdc768ec53f8a",
        "type": "github"
      },
      "original": {
        "owner": "nix-community",
        "repo": "nixGL",
        "type": "github"
      }
    },
    "nixos": {
      "inputs": {
        "awesome": [
          "awesome"
        ],
        "home-manager": [
          "home-manager"
        ],
        "hyprswitch": [
          "hyprswitch"
        ],
        "nix-index-database": [
          "nix-index-database"
        ],
        "nixgl": [
          "nixgl"
        ],
        "nixpkgs": [
          "nixpkgs"
        ],
        "sops-nix": [
          "sops-nix"
        ]
      },
      "locked": {
        "lastModified": 1739631011,
        "narHash": "sha256-wXfZHK2m2FBhfFE6LcEozlMBrEmrvTRtlZQN507LceQ=",
        "ref": "refs/heads/main",
        "rev": "2e2e99d920e442b2177cbe4323cfb4c5c1d00f8d",
        "revCount": 475,
        "type": "git",
        "url": "https://framagit.org/rdeville-public/dotfiles/nixos-config.git"
      },
      "original": {
        "type": "git",
        "url": "https://framagit.org/rdeville-public/dotfiles/nixos-config.git"
      }
    },
    "nixos-facter-modules": {
      "locked": {
        "lastModified": 1738752252,
        "narHash": "sha256-/nA3tDdp/2g0FBy8966ppC2WDoyXtUWaHkZWL+N3ZKc=",
        "owner": "numtide",
        "repo": "nixos-facter-modules",
        "rev": "60f8b8f3f99667de6a493a44375e5506bf0c48b1",
        "type": "github"
      },
      "original": {
        "owner": "numtide",
        "repo": "nixos-facter-modules",
        "type": "github"
      }
    },
    "nixpkgs": {
      "locked": {
        "lastModified": 1739866667,
        "narHash": "sha256-EO1ygNKZlsAC9avfcwHkKGMsmipUk1Uc0TbrEZpkn64=",
        "owner": "nixos",
        "repo": "nixpkgs",
        "rev": "73cf49b8ad837ade2de76f87eb53fc85ed5d4680",
        "type": "github"
      },
      "original": {
        "owner": "nixos",
        "ref": "nixos-unstable",
        "repo": "nixpkgs",
        "type": "github"
      }
    },
    "nixpkgs-lib": {
      "locked": {
        "lastModified": 1735774519,
        "narHash": "sha256-CewEm1o2eVAnoqb6Ml+Qi9Gg/EfNAxbRx1lANGVyoLI=",
        "type": "tarball",
        "url": "https://github.com/NixOS/nixpkgs/archive/e9b51731911566bbf7e4895475a87fe06961de0b.tar.gz"
      },
      "original": {
        "type": "tarball",
        "url": "https://github.com/NixOS/nixpkgs/archive/e9b51731911566bbf7e4895475a87fe06961de0b.tar.gz"
      }
    },
    "poetry2nix": {
      "inputs": {
        "flake-utils": "flake-utils",
        "nix-github-actions": "nix-github-actions",
        "nixpkgs": [
          "dotgit-sync",
          "nixpkgs"
        ],
        "systems": "systems_2",
        "treefmt-nix": "treefmt-nix"
      },
      "locked": {
        "lastModified": 1738741221,
        "narHash": "sha256-UiTOA89yQV5YNlO1ZAp4IqJUGWOnTyBC83netvt8rQE=",
        "owner": "nix-community",
        "repo": "poetry2nix",
        "rev": "be1fe795035d3d36359ca9135b26dcc5321b31fb",
        "type": "github"
      },
      "original": {
        "owner": "nix-community",
        "repo": "poetry2nix",
        "type": "github"
      }
    },
    "root": {
      "inputs": {
        "awesome": "awesome",
        "awesomerc": "awesomerc",
        "direnvrc": "direnvrc",
        "disko": "disko",
        "dotgit-sync": "dotgit-sync",
        "home-manager": "home-manager",
        "hyprswitch": "hyprswitch",
        "neovimrc": "neovimrc",
        "nix-index-database": "nix-index-database",
        "nixgl": "nixgl",
        "nixos": "nixos",
        "nixos-facter-modules": "nixos-facter-modules",
        "nixpkgs": "nixpkgs",
        "sops-nix": "sops-nix",
        "tmuxrc": "tmuxrc",
        "zshrc": "zshrc"
      }
    },
    "rust-overlay": {
      "inputs": {
        "nixpkgs": [
          "hyprswitch",
          "nixpkgs"
        ]
      },
      "locked": {
        "lastModified": 1735784864,
        "narHash": "sha256-tIl5p3ueaPw7T5T1UXkLc8ISMk6Y8CI/D/rd0msf73I=",
        "owner": "oxalica",
        "repo": "rust-overlay",
        "rev": "04d5f1836721461b256ec452883362c5edc5288e",
        "type": "github"
      },
      "original": {
        "owner": "oxalica",
        "repo": "rust-overlay",
        "type": "github"
      }
    },
    "sops-nix": {
      "inputs": {
        "nixpkgs": [
          "nixpkgs"
        ]
      },
      "locked": {
        "lastModified": 1739262228,
        "narHash": "sha256-7JAGezJ0Dn5qIyA2+T4Dt/xQgAbhCglh6lzCekTVMeU=",
        "owner": "Mic92",
        "repo": "sops-nix",
        "rev": "07af005bb7d60c7f118d9d9f5530485da5d1e975",
        "type": "github"
      },
      "original": {
        "owner": "Mic92",
        "ref": "master",
        "repo": "sops-nix",
        "type": "github"
      }
    },
    "systems": {
      "locked": {
        "lastModified": 1681028828,
        "narHash": "sha256-Vy1rq5AaRuLzOxct8nz4T6wlgyUR7zLU309k9mBC768=",
        "owner": "nix-systems",
        "repo": "default",
        "rev": "da67096a3b9bf56a91d16901293e51ba5b49a27e",
        "type": "github"
      },
      "original": {
        "owner": "nix-systems",
        "repo": "default",
        "type": "github"
      }
    },
    "systems_2": {
      "locked": {
        "lastModified": 1681028828,
        "narHash": "sha256-Vy1rq5AaRuLzOxct8nz4T6wlgyUR7zLU309k9mBC768=",
        "owner": "nix-systems",
        "repo": "default",
        "rev": "da67096a3b9bf56a91d16901293e51ba5b49a27e",
        "type": "github"
      },
      "original": {
        "owner": "nix-systems",
        "repo": "default",
        "type": "github"
      }
    },
    "tmuxrc": {
      "inputs": {
        "nixpkgs": [
          "nixpkgs"
        ]
      },
      "locked": {
        "lastModified": 1739038659,
        "narHash": "sha256-EPBmYwx11rUQVRoJrBYfwb8kDammcbPYWdMs/C2wE/o=",
        "ref": "refs/heads/main",
        "rev": "60696daf06066c4bb21db0de8e4c07826c897c39",
        "revCount": 69,
        "type": "git",
        "url": "https://framagit.org/rdeville-public/dotfiles/tmux.git"
      },
      "original": {
        "type": "git",
        "url": "https://framagit.org/rdeville-public/dotfiles/tmux.git"
      }
    },
    "treefmt-nix": {
      "inputs": {
        "nixpkgs": [
          "dotgit-sync",
          "poetry2nix",
          "nixpkgs"
        ]
      },
      "locked": {
        "lastModified": 1730120726,
        "narHash": "sha256-LqHYIxMrl/1p3/kvm2ir925tZ8DkI0KA10djk8wecSk=",
        "owner": "numtide",
        "repo": "treefmt-nix",
        "rev": "9ef337e492a5555d8e17a51c911ff1f02635be15",
        "type": "github"
      },
      "original": {
        "owner": "numtide",
        "repo": "treefmt-nix",
        "type": "github"
      }
    },
    "zshrc": {
      "inputs": {
        "nixpkgs": [
          "nixpkgs"
        ]
      },
      "locked": {
        "lastModified": 1739038794,
        "narHash": "sha256-8l46X6Lu1wtYHUXQfkz3+EuvEMn+96IbcHpwDyfWbvI=",
        "ref": "refs/heads/main",
        "rev": "3cfb645a2bab43a609fcdfc306dd1b8f4ce3c4f5",
        "revCount": 74,
        "type": "git",
        "url": "https://framagit.org/rdeville-public/dotfiles/shell.git"
      },
      "original": {
        "type": "git",
        "url": "https://framagit.org/rdeville-public/dotfiles/shell.git"
      }
    }
  },
  "root": "root",
  "version": 7
}
